// !$*UTF8*$!
{
	archiveVersion = 1;
	classes = {
	};
	objectVersion = 50;
	objects = {

/* Begin PBXBuildFile section */
		705426822332D75500DE5C5D /* main.c in Sources */ = {isa = PBXBuildFile; fileRef = 705426812332D75500DE5C5D /* main.c */; };
		7054268A2332D92C00DE5C5D /* CelsiustoFahrenheitLab.c in Sources */ = {isa = PBXBuildFile; fileRef = 705426892332D92C00DE5C5D /* CelsiustoFahrenheitLab.c */; };
		7054268D2332D9C500DE5C5D /* DataIOLab.c in Sources */ = {isa = PBXBuildFile; fileRef = 7054268C2332D9C500DE5C5D /* DataIOLab.c */; };
		705426902332D9F000DE5C5D /* PythagoreanLab.c in Sources */ = {isa = PBXBuildFile; fileRef = 7054268F2332D9F000DE5C5D /* PythagoreanLab.c */; };
		705426932332DA0C00DE5C5D /* SecondstoOtherUnitsLab.c in Sources */ = {isa = PBXBuildFile; fileRef = 705426922332DA0C00DE5C5D /* SecondstoOtherUnitsLab.c */; };
		705426962332DA2A00DE5C5D /* SquareLab.c in Sources */ = {isa = PBXBuildFile; fileRef = 705426952332DA2A00DE5C5D /* SquareLab.c */; };
/* End PBXBuildFile section */

/* Begin PBXCopyFilesBuildPhase section */
		701D9B7D2332D69E005C5F59 /* CopyFiles */ = {
			isa = PBXCopyFilesBuildPhase;
			buildActionMask = 2147483647;
			dstPath = /usr/share/man/man1/;
			dstSubfolderSpec = 0;
			files = (
			);
			runOnlyForDeploymentPostprocessing = 1;
		};
/* End PBXCopyFilesBuildPhase section */

/* Begin PBXFileReference section */
		701D9B7F2332D69E005C5F59 /* Portfolio 1 */ = {isa = PBXFileReference; explicitFileType = "compiled.mach-o.executable"; includeInIndex = 0; path = "Portfolio 1"; sourceTree = BUILT_PRODUCTS_DIR; };
		705426812332D75500DE5C5D /* main.c */ = {isa = PBXFileReference; fileEncoding = 4; lastKnownFileType = sourcecode.c.c; path = main.c; sourceTree = "<group>"; };
		705426882332D90A00DE5C5D /* CelsiusToFahrenheitLab.h */ = {isa = PBXFileReference; lastKnownFileType = sourcecode.c.h; path = CelsiusToFahrenheitLab.h; sourceTree = "<group>"; };
		705426892332D92C00DE5C5D /* CelsiustoFahrenheitLab.c */ = {isa = PBXFileReference; fileEncoding = 4; lastKnownFileType = sourcecode.c.c; path = CelsiustoFahrenheitLab.c; sourceTree = "<group>"; };
		7054268C2332D9C500DE5C5D /* DataIOLab.c */ = {isa = PBXFileReference; fileEncoding = 4; lastKnownFileType = sourcecode.c.c; path = DataIOLab.c; sourceTree = "<group>"; };
		7054268F2332D9F000DE5C5D /* PythagoreanLab.c */ = {isa = PBXFileReference; fileEncoding = 4; lastKnownFileType = sourcecode.c.c; path = PythagoreanLab.c; sourceTree = "<group>"; };
		705426922332DA0C00DE5C5D /* SecondstoOtherUnitsLab.c */ = {isa = PBXFileReference; fileEncoding = 4; lastKnownFileType = sourcecode.c.c; path = SecondstoOtherUnitsLab.c; sourceTree = "<group>"; };
		705426952332DA2A00DE5C5D /* SquareLab.c */ = {isa = PBXFileReference; fileEncoding = 4; lastKnownFileType = sourcecode.c.c; path = SquareLab.c; sourceTree = "<group>"; };
		705426972332DB7500DE5C5D /* DataIOLab.h */ = {isa = PBXFileReference; lastKnownFileType = sourcecode.c.h; path = DataIOLab.h; sourceTree = "<group>"; };
		705426982332DCD000DE5C5D /* PythagoreanLab.h */ = {isa = PBXFileReference; lastKnownFileType = sourcecode.c.h; path = PythagoreanLab.h; sourceTree = "<group>"; };
		705426992332DD4400DE5C5D /* SecondsToOtherUnits.h */ = {isa = PBXFileReference; lastKnownFileType = sourcecode.c.h; path = SecondsToOtherUnits.h; sourceTree = "<group>"; };
		7054269A2332DD8800DE5C5D /* SquareLab.h */ = {isa = PBXFileReference; lastKnownFileType = sourcecode.c.h; path = SquareLab.h; sourceTree = "<group>"; };
/* End PBXFileReference section */

/* Begin PBXFrameworksBuildPhase section */
		701D9B7C2332D69E005C5F59 /* Frameworks */ = {
			isa = PBXFrameworksBuildPhase;
			buildActionMask = 2147483647;
			files = (
			);
			runOnlyForDeploymentPostprocessing = 0;
		};
/* End PBXFrameworksBuildPhase section */

/* Begin PBXGroup section */
		701D9B762332D69E005C5F59 = {
			isa = PBXGroup;
			children = (
				705426812332D75500DE5C5D /* main.c */,
				705426852332D8F500DE5C5D /* CelsiusToFahrenheit */,
				7054268B2332D9BA00DE5C5D /* DataTypesIOLab */,
				7054268E2332D9E300DE5C5D /* Pythagorean Theorem */,
				705426912332DA0300DE5C5D /* SecondsToOtherUnits */,
				705426942332DA2000DE5C5D /* SquareLab */,
				701D9B802332D69E005C5F59 /* Products */,
			);
			sourceTree = "<group>";
		};
		701D9B802332D69E005C5F59 /* Products */ = {
			isa = PBXGroup;
			children = (
				701D9B7F2332D69E005C5F59 /* Portfolio 1 */,
			);
			name = Products;
			sourceTree = "<group>";
		};
		705426852332D8F500DE5C5D /* CelsiusToFahrenheit */ = {
			isa = PBXGroup;
			children = (
				705426892332D92C00DE5C5D /* CelsiustoFahrenheitLab.c */,
				705426882332D90A00DE5C5D /* CelsiusToFahrenheitLab.h */,
			);
			path = CelsiusToFahrenheit;
			sourceTree = "<group>";
		};
		7054268B2332D9BA00DE5C5D /* DataTypesIOLab */ = {
			isa = PBXGroup;
			children = (
				7054268C2332D9C500DE5C5D /* DataIOLab.c */,
				705426972332DB7500DE5C5D /* DataIOLab.h */,
			);
			path = DataTypesIOLab;
			sourceTree = "<group>";
		};
		7054268E2332D9E300DE5C5D /* Pythagorean Theorem */ = {
			isa = PBXGroup;
			children = (
				7054268F2332D9F000DE5C5D /* PythagoreanLab.c */,
				705426982332DCD000DE5C5D /* PythagoreanLab.h */,
			);
			path = "Pythagorean Theorem";
			sourceTree = "<group>";
		};
		705426912332DA0300DE5C5D /* SecondsToOtherUnits */ = {
			isa = PBXGroup;
			children = (
				705426922332DA0C00DE5C5D /* SecondstoOtherUnitsLab.c */,
				705426992332DD4400DE5C5D /* SecondsToOtherUnits.h */,
			);
			path = SecondsToOtherUnits;
			sourceTree = "<group>";
		};
		705426942332DA2000DE5C5D /* SquareLab */ = {
			isa = PBXGroup;
			children = (
				705426952332DA2A00DE5C5D /* SquareLab.c */,
				7054269A2332DD8800DE5C5D /* SquareLab.h */,
			);
			path = SquareLab;
			sourceTree = "<group>";
		};
/* End PBXGroup section */

/* Begin PBXNativeTarget section */
		701D9B7E2332D69E005C5F59 /* Portfolio 1 */ = {
			isa = PBXNativeTarget;
			buildConfigurationList = 701D9B862332D69E005C5F59 /* Build configuration list for PBXNativeTarget "Portfolio 1" */;
			buildPhases = (
				701D9B7B2332D69E005C5F59 /* Sources */,
				701D9B7C2332D69E005C5F59 /* Frameworks */,
				701D9B7D2332D69E005C5F59 /* CopyFiles */,
			);
			buildRules = (
			);
			dependencies = (
			);
			name = "Portfolio 1";
			productName = "Portfolio 1";
			productReference = 701D9B7F2332D69E005C5F59 /* Portfolio 1 */;
			productType = "com.apple.product-type.tool";
		};
/* End PBXNativeTarget section */

/* Begin PBXProject section */
		701D9B772332D69E005C5F59 /* Project object */ = {
			isa = PBXProject;
			attributes = {
				LastUpgradeCheck = 1030;
				ORGANIZATIONNAME = "Alec Linyard";
				TargetAttributes = {
					701D9B7E2332D69E005C5F59 = {
						CreatedOnToolsVersion = 10.3;
					};
				};
			};
			buildConfigurationList = 701D9B7A2332D69E005C5F59 /* Build configuration list for PBXProject "Portfolio 1" */;
			compatibilityVersion = "Xcode 9.3";
			developmentRegion = en;
			hasScannedForEncodings = 0;
			knownRegions = (
				en,
			);
			mainGroup = 701D9B762332D69E005C5F59;
			productRefGroup = 701D9B802332D69E005C5F59 /* Products */;
			projectDirPath = "";
			projectRoot = "";
			targets = (
				701D9B7E2332D69E005C5F59 /* Portfolio 1 */,
			);
		};
/* End PBXProject section */

/* Begin PBXSourcesBuildPhase section */
		701D9B7B2332D69E005C5F59 /* Sources */ = {
			isa = PBXSourcesBuildPhase;
			buildActionMask = 2147483647;
			files = (
				7054268D2332D9C500DE5C5D /* DataIOLab.c in Sources */,
				7054268A2332D92C00DE5C5D /* CelsiustoFahrenheitLab.c in Sources */,
				705426962332DA2A00DE5C5D /* SquareLab.c in Sources */,
				705426932332DA0C00DE5C5D /* SecondstoOtherUnitsLab.c in Sources */,
				705426902332D9F000DE5C5D /* PythagoreanLab.c in Sources */,
				705426822332D75500DE5C5D /* main.c in Sources */,
			);
			runOnlyForDeploymentPostprocessing = 0;
		};
/* End PBXSourcesBuildPhase section */

/* Begin XCBuildConfiguration section */
		701D9B842332D69E005C5F59 /* Debug */ = {
			isa = XCBuildConfiguration;
			buildSettings = {
				ALWAYS_SEARCH_USER_PATHS = NO;
				CLANG_ANALYZER_NONNULL = YES;
				CLANG_ANALYZER_NUMBER_OBJECT_CONVERSION = YES_AGGRESSIVE;
				CLANG_CXX_LANGUAGE_STANDARD = "gnu++14";
				CLANG_CXX_LIBRARY = "libc++";
				CLANG_ENABLE_MODULES = YES;
				CLANG_ENABLE_OBJC_ARC = YES;
				CLANG_ENABLE_OBJC_WEAK = YES;
				CLANG_WARN_BLOCK_CAPTURE_AUTORELEASING = YES;
				CLANG_WARN_BOOL_CONVERSION = YES;
				CLANG_WARN_COMMA = YES;
				CLANG_WARN_CONSTANT_CONVERSION = YES;
				CLANG_WARN_DEPRECATED_OBJC_IMPLEMENTATIONS = YES;
				CLANG_WARN_DIRECT_OBJC_ISA_USAGE = YES_ERROR;
				CLANG_WARN_DOCUMENTATION_COMMENTS = YES;
				CLANG_WARN_EMPTY_BODY = YES;
				CLANG_WARN_ENUM_CONVERSION = YES;
				CLANG_WARN_INFINITE_RECURSION = YES;
				CLANG_WARN_INT_CONVERSION = YES;
				CLANG_WARN_NON_LITERAL_NULL_CONVERSION = YES;
				CLANG_WARN_OBJC_IMPLICIT_RETAIN_SELF = YES;
				CLANG_WARN_OBJC_LITERAL_CONVERSION = YES;
				CLANG_WARN_OBJC_ROOT_CLASS = YES_ERROR;
				CLANG_WARN_RANGE_LOOP_ANALYSIS = YES;
				CLANG_WARN_STRICT_PROTOTYPES = YES;
				CLANG_WARN_SUSPICIOUS_MOVE = YES;
				CLANG_WARN_UNGUARDED_AVAILABILITY = YES_AGGRESSIVE;
				CLANG_WARN_UNREACHABLE_CODE = YES;
				CLANG_WARN__DUPLICATE_METHOD_MATCH = YES;
				CODE_SIGN_IDENTITY = "-";
				COPY_PHASE_STRIP = NO;
				DEBUG_INFORMATION_FORMAT = dwarf;
				ENABLE_STRICT_OBJC_MSGSEND = YES;
				ENABLE_TESTABILITY = YES;
				GCC_C_LANGUAGE_STANDARD = gnu11;
				GCC_DYNAMIC_NO_PIC = NO;
				GCC_NO_COMMON_BLOCKS = YES;
				GCC_OPTIMIZATION_LEVEL = 0;
				GCC_PREPROCESSOR_DEFINITIONS = (
					"DEBUG=1",
					"$(inherited)",
				);
				GCC_WARN_64_TO_32_BIT_CONVERSION = YES;
				GCC_WARN_ABOUT_RETURN_TYPE = YES_ERROR;
				GCC_WARN_UNDECLARED_SELECTOR = YES;
				GCC_WARN_UNINITIALIZED_AUTOS = YES_AGGRESSIVE;
				GCC_WARN_UNUSED_FUNCTION = YES;
				GCC_WARN_UNUSED_VARIABLE = YES;
				MACOSX_DEPLOYMENT_TARGET = 10.14;
				MTL_ENABLE_DEBUG_INFO = INCLUDE_SOURCE;
				MTL_FAST_MATH = YES;
				ONLY_ACTIVE_ARCH = YES;
				SDKROOT = macosx;
			};
			name = Debug;
		};
		701D9B852332D69E005C5F59 /* Release */ = {
			isa = XCBuildConfiguration;
			buildSettings = {
				ALWAYS_SEARCH_USER_PATHS = NO;
				CLANG_ANALYZER_NONNULL = YES;
				CLANG_ANALYZER_NUMBER_OBJECT_CONVERSION = YES_AGGRESSIVE;
				CLANG_CXX_LANGUAGE_STANDARD = "gnu++14";
				CLANG_CXX_LIBRARY = "libc++";
				CLANG_ENABLE_MODULES = YES;
				CLANG_ENABLE_OBJC_ARC = YES;
				CLANG_ENABLE_OBJC_WEAK = YES;
				CLANG_WARN_BLOCK_CAPTURE_AUTORELEASING = YES;
				CLANG_WARN_BOOL_CONVERSION = YES;
				CLANG_WARN_COMMA = YES;
				CLANG_WARN_CONSTANT_CONVERSION = YES;
				CLANG_WARN_DEPRECATED_OBJC_IMPLEMENTATIONS = YES;
				CLANG_WARN_DIRECT_OBJC_ISA_USAGE = YES_ERROR;
				CLANG_WARN_DOCUMENTATION_COMMENTS = YES;
				CLANG_WARN_EMPTY_BODY = YES;
				CLANG_WARN_ENUM_CONVERSION = YES;
				CLANG_WARN_INFINITE_RECURSION = YES;
				CLANG_WARN_INT_CONVERSION = YES;
				CLANG_WARN_NON_LITERAL_NULL_CONVERSION = YES;
				CLANG_WARN_OBJC_IMPLICIT_RETAIN_SELF = YES;
				CLANG_WARN_OBJC_LITERAL_CONVERSION = YES;
				CLANG_WARN_OBJC_ROOT_CLASS = YES_ERROR;
				CLANG_WARN_RANGE_LOOP_ANALYSIS = YES;
				CLANG_WARN_STRICT_PROTOTYPES = YES;
				CLANG_WARN_SUSPICIOUS_MOVE = YES;
				CLANG_WARN_UNGUARDED_AVAILABILITY = YES_AGGRESSIVE;
				CLANG_WARN_UNREACHABLE_CODE = YES;
				CLANG_WARN__DUPLICATE_METHOD_MATCH = YES;
				CODE_SIGN_IDENTITY = "-";
				COPY_PHASE_STRIP = NO;
				DEBUG_INFORMATION_FORMAT = "dwarf-with-dsym";
				ENABLE_NS_ASSERTIONS = NO;
				ENABLE_STRICT_OBJC_MSGSEND = YES;
				GCC_C_LANGUAGE_STANDARD = gnu11;
				GCC_NO_COMMON_BLOCKS = YES;
				GCC_WARN_64_TO_32_BIT_CONVERSION = YES;
				GCC_WARN_ABOUT_RETURN_TYPE = YES_ERROR;
				GCC_WARN_UNDECLARED_SELECTOR = YES;
				GCC_WARN_UNINITIALIZED_AUTOS = YES_AGGRESSIVE;
				GCC_WARN_UNUSED_FUNCTION = YES;
				GCC_WARN_UNUSED_VARIABLE = YES;
				MACOSX_DEPLOYMENT_TARGET = 10.14;
				MTL_ENABLE_DEBUG_INFO = NO;
				MTL_FAST_MATH = YES;
				SDKROOT = macosx;
			};
			name = Release;
		};
		701D9B872332D69E005C5F59 /* Debug */ = {
			isa = XCBuildConfiguration;
			buildSettings = {
				CODE_SIGN_STYLE = Automatic;
				PRODUCT_NAME = "$(TARGET_NAME)";
			};
			name = Debug;
		};
		701D9B882332D69E005C5F59 /* Release */ = {
			isa = XCBuildConfiguration;
			buildSettings = {
				CODE_SIGN_STYLE = Automatic;
				PRODUCT_NAME = "$(TARGET_NAME)";
			};
			name = Release;
		};
/* End XCBuildConfiguration section */

/* Begin XCConfigurationList section */
		701D9B7A2332D69E005C5F59 /* Build configuration list for PBXProject "Portfolio 1" */ = {
			isa = XCConfigurationList;
			buildConfigurations = (
				701D9B842332D69E005C5F59 /* Debug */,
				701D9B852332D69E005C5F59 /* Release */,
			);
			defaultConfigurationIsVisible = 0;
			defaultConfigurationName = Release;
		};
		701D9B862332D69E005C5F59 /* Build configuration list for PBXNativeTarget "Portfolio 1" */ = {
			isa = XCConfigurationList;
			buildConfigurations = (
				701D9B872332D69E005C5F59 /* Debug */,
				701D9B882332D69E005C5F59 /* Release */,
			);
			defaultConfigurationIsVisible = 0;
			defaultConfigurationName = Release;
		};
/* End XCConfigurationList section */
	};
	rootObject = 701D9B772332D69E005C5F59 /* Project object */;
}
